
Microsoft Visual Studio Solution File, Format Version 12.00
# Visual Studio Version 17
VisualStudioVersion = 17.9.34723.18
MinimumVisualStudioVersion = 10.0.40219.1
Project("{FAE04EC0-301F-11D3-BF4B-00C04F79EFBC}") = "proba_proekt_1", "proba_proekt_1\proba_proekt_1.csproj", "{8D4F1449-EDA6-4F5F-A5D8-E5627F5F534F}"
EndProject
Global
	GlobalSection(SolutionConfigurationPlatforms) = preSolution
		Debug|Any CPU = Debug|Any CPU
		Release|Any CPU = Release|Any CPU
	EndGlobalSection
	GlobalSection(ProjectConfigurationPlatforms) = postSolution
		{8D4F1449-EDA6-4F5F-A5D8-E5627F5F534F}.Debug|Any CPU.ActiveCfg = Debug|Any CPU
		{8D4F1449-EDA6-4F5F-A5D8-E5627F5F534F}.Debug|Any CPU.Build.0 = Debug|Any CPU
		{8D4F1449-EDA6-4F5F-A5D8-E5627F5F534F}.Release|Any CPU.ActiveCfg = Release|Any CPU
		{8D4F1449-EDA6-4F5F-A5D8-E5627F5F534F}.Release|Any CPU.Build.0 = Release|Any CPU
	EndGlobalSection
	GlobalSection(SolutionProperties) = preSolution
		HideSolutionNode = FALSE
	EndGlobalSection
	GlobalSection(ExtensibilityGlobals) = postSolution
		SolutionGuid = {8E0934FE-0C66-4C4E-97E2-A49392590083}
	EndGlobalSection
EndGlobal
